{
    "_meta": {
        "hash": {
            "sha256": "52f04e59ff078d94a697bef7d9b284178ffb763d63764c41c641e65d3cac0367"
        },
        "pipfile-spec": 6,
        "requires": {
            "python_full_version": "3.13.1",
            "python_version": "3.13"
        },
        "sources": [
            {
                "name": "pypi",
                "url": "https://pypi.org/simple",
                "verify_ssl": true
            }
        ]
    },
    "default": {
        "pytorch": {
            "hashes": [
                "sha256:a6915d372c085a02eceebf59d16cbcc18a2693ac3487a53e3cc8be31fee65079"
            ],
            "index": "pypi",
            "version": "==1.0.2"
        }
    },
    "develop": {}
}
